
Microsoft Visual Studio Solution File, Format Version 12.00
# Visual Studio Version 17
VisualStudioVersion = 17.3.32819.101
MinimumVisualStudioVersion = 10.0.40219.1
Project("{FAE04EC0-301F-11D3-BF4B-00C04F79EFBC}") = "BattleSimulator", "BattleSimulator\BattleSimulator.csproj", "{399A5CAF-D12D-4696-9398-24D2CC23FDBB}"
EndProject
Global
	GlobalSection(SolutionConfigurationPlatforms) = preSolution
		Debug|Any CPU = Debug|Any CPU
		Release|Any CPU = Release|Any CPU
	EndGlobalSection
	GlobalSection(ProjectConfigurationPlatforms) = postSolution
		{399A5CAF-D12D-4696-9398-24D2CC23FDBB}.Debug|Any CPU.ActiveCfg = Debug|Any CPU
		{399A5CAF-D12D-4696-9398-24D2CC23FDBB}.Debug|Any CPU.Build.0 = Debug|Any CPU
		{399A5CAF-D12D-4696-9398-24D2CC23FDBB}.Release|Any CPU.ActiveCfg = Release|Any CPU
		{399A5CAF-D12D-4696-9398-24D2CC23FDBB}.Release|Any CPU.Build.0 = Release|Any CPU
	EndGlobalSection
	GlobalSection(SolutionProperties) = preSolution
		HideSolutionNode = FALSE
	EndGlobalSection
	GlobalSection(ExtensibilityGlobals) = postSolution
		SolutionGuid = {071ECC61-8E48-427D-B714-4C0246EE7A53}
	EndGlobalSection
EndGlobal
